lockfileVersion: '9.0'

settings:
  autoInstallPeers: true
  excludeLinksFromLockfile: false

importers:

  .:
    devDependencies:
      supabase:
        specifier: ^2.117.0
        version: 2.117.0
      typescript:
        specifier: ~6.0.3
        version: 6.0.3
      vitest:
        specifier: ^5.0.0
        version: 5.0.1(vite@8.3.0)

  apps/mobile:
    dependencies:
      '@expo-google-fonts/ibm-plex-sans':
        specifier: ^0.4.1
        version: 0.4.1
      '@expo-google-fonts/outfit':
        specifier: ^0.4.3
        version: 0.4.3
      '@expo/ui':
        specifier: ~57.0.19
        version: 57.0.19(@babel/core@7.29.7)(@types/react@19.2.18)(expo@57.0.24)(react-dom@19.2.3)(react-native-worklets@0.10.1)(react-native@0.86.3)(react@19.2.3)
      '@juntadin/contracts':
        specifier: workspace:*
        version: link:../../packages/contracts
      '@juntadin/domain':
        specifier: workspace:*
        version: link:../../packages/domain
      '@juntadin/ui':
        specifier: workspace:*
        version: link:../../packages/ui
      '@react-native-async-storage/async-storage':
        specifier: ^2.2.0
        version: 2.2.0(react-native@0.86.3)
      '@supabase/supabase-js':
        specifier: ^2.116.0
        version: 2.116.0
      expo:
        specifier: ~57.0.24
        version: 57.0.24(@babel/core@7.29.7)(@expo/dom-webview@57.0.1)(@expo/metro-runtime@57.0.16)(expo-router@57.0.22)(react-dom@19.2.3)(react-native-web@0.21.2)(react-native-worklets@0.10.1)(react-native@0.86.3)(react@19.2.3)(typescript@6.0.3)
      expo-asset:
        specifier: ~57.0.18
        version: 57.0.18(expo@57.0.24)(react-native@0.86.3)(react@19.2.3)(typescript@6.0.3)
      expo-audio:
        specifier: ~57.0.5
        version: 57.0.5(expo-asset@57.0.18)(expo@57.0.24)(react-native@0.86.3)(react@19.2.3)
      expo-clipboard:
        specifier: ~57.0.2
        version: 57.0.2(expo@57.0.24)(react-native@0.86.3)(react@19.2.3)
      expo-constants:
        specifier: ~57.0.19
        version: 57.0.19(expo@57.0.24)(react-native@0.86.3)
      expo-device:
        specifier: ~57.0.2
        version: 57.0.2(expo@57.0.24)
      expo-file-system:
        specifier: ~57.0.7
        version: 57.0.7(expo@57.0.24)(react-native@0.86.3)
      expo-font:
        specifier: ~57.0.4
        version: 57.0.4(expo@57.0.24)(react-native@0.86.3)(react@19.2.3)
      expo-glass-effect:
        specifier: ~57.0.3
        version: 57.0.3(expo@57.0.24)(react-native@0.86.3)(react@19.2.3)
      expo-image:
        specifier: ~57.0.5
        version: 57.0.5(expo@57.0.24)(react-native-web@0.21.2)(react-native@0.86.3)(react@19.2.3)
      expo-image-picker:
        specifier: ~57.0.19
        version: 57.0.19(expo@57.0.24)
      expo-linking:
        specifier: ~57.0.10
        version: 57.0.10(expo@57.0.24)(react-native@0.86.3)(react@19.2.3)
      expo-router:
        specifier: ~57.0.22
        version: 57.0.22(@babel/core@7.29.7)(@expo/log-box@57.0.4)(@expo/metro-runtime@57.0.16)(@types/react@19.2.18)(expo-constants@57.0.19)(expo-font@57.0.4)(expo-linking@57.0.10)(expo@57.0.24)(react-dom@19.2.3)(react-native-gesture-handler@2.32.0)(react-native-reanimated@4.5.1)(react-native-safe-area-context@5.7.0)(react-native-screens@4.26.2)(react-native-web@0.21.2)(react-native-worklets@0.10.1)(react-native@0.86.3)(react@19.2.3)
      expo-splash-screen:
        specifier: ~57.0.9
        version: 57.0.9(expo@57.0.24)(typescript@6.0.3)
      expo-status-bar:
        specifier: ~57.0.1
        version: 57.0.1(expo@57.0.24)(react-native@0.86.3)(react@19.2.3)
      expo-symbols:
        specifier: ~57.0.3
        version: 57.0.3(expo-font@57.0.4)(expo@57.0.24)(react-native@0.86.3)(react@19.2.3)
      expo-system-ui:
        specifier: ~57.0.4
        version: 57.0.4(expo@57.0.24)(react-native-web@0.21.2)(react-native@0.86.3)
      expo-web-browser:
        specifier: ~57.0.3
        version: 57.0.3(expo@57.0.24)(react-native@0.86.3)
      react:
        specifier: 19.2.3
        version: 19.2.3
      react-dom:
        specifier: 19.2.3
        version: 19.2.3(react@19.2.3)
      react-native:
        specifier: 0.86.3
        version: 0.86.3(@babel/core@7.29.7)(@react-native/metro-config@0.87.1)(@types/react@19.2.18)(react@19.2.3)
      react-native-gesture-handler:
        specifier: ~2.32.0
        version: 2.32.0(react-native@0.86.3)(react@19.2.3)
      react-native-reanimated:
        specifier: 4.5.1
        version: 4.5.1(react-native-worklets@0.10.1)(react-native@0.86.3)(react@19.2.3)
      react-native-safe-area-context:
        specifier: ~5.7.0
        version: 5.7.0(react-native@0.86.3)(react@19.2.3)
      react-native-screens:
        specifier: ~4.26.0
        version: 4.26.2(react-native@0.86.3)(react@19.2.3)
      react-native-svg:
        specifier: ^15.15.4
        version: 15.15.5(react-native@0.86.3)(react@19.2.3)
      react-native-url-polyfill:
        specifier: ^4.0.0
        version: 4.0.0(react-native@0.86.3)
      react-native-web:
        specifier: ~0.21.0
        version: 0.21.2(react-dom@19.2.3)(react@19.2.3)
      react-native-worklets:
        specifier: 0.10.1
        version: 0.10.1(@babel/core@7.29.7)(@react-native/metro-config@0.87.1)(react-native@0.86.3)(react@19.2.3)
    devDependencies:
      '@types/react':
        specifier: ~19.2.2
        version: 19.2.18
      eslint:
        specifier: ^9.39.5
        version: 9.39.5
      eslint-config-expo:
        specifier: ~57.0.2
        version: 57.0.2(eslint@9.39.5)(typescript@6.0.3)
      typescript:
        specifier: ~6.0.3
        version: 6.0.3

  packages/contracts: {}

  packages/domain: {}

  packages/ui: {}
